
Microsoft Visual Studio Solution File, Format Version 12.00
# Visual Studio Version 16
VisualStudioVersion = 16.0.29418.71
MinimumVisualStudioVersion = 10.0.40219.1
Project("{FAE04EC0-301F-11D3-BF4B-00C04F79EFBC}") = "WebDriverFirst", "WebDriverFirst\WebDriverFirst.csproj", "{D2516EBA-3C8C-4233-A291-9270F8629DA6}"
EndProject
Project("{2150E333-8FDC-42A3-9474-1A3956D46DE8}") = "Pages", "Pages", "{CC33CE60-444A-4D7E-9D70-30CE1F9E3D68}"
	ProjectSection(SolutionItems) = preProject
		WebDriverFirst\BookingOneWay.cs = WebDriverFirst\BookingOneWay.cs
		WebDriverFirst\BookingTwoWays.cs = WebDriverFirst\BookingTwoWays.cs
		WebDriverFirst\BookingWithoutDate.cs = WebDriverFirst\BookingWithoutDate.cs
		WebDriverFirst\BookingWithoutDepartureCity.cs = WebDriverFirst\BookingWithoutDepartureCity.cs
		WebDriverFirst\BookingWithoutDestination.cs = WebDriverFirst\BookingWithoutDestination.cs
		WebDriverFirst\EmptyReservation.cs = WebDriverFirst\EmptyReservation.cs
		WebDriverFirst\OneWayReservationToDepartureCity.cs = WebDriverFirst\OneWayReservationToDepartureCity.cs
		WebDriverFirst\Page.cs = WebDriverFirst\Page.cs
		WebDriverFirst\PricesCheck.cs = WebDriverFirst\PricesCheck.cs
		WebDriverFirst\ReservationWirhManyBabies.cs = WebDriverFirst\ReservationWirhManyBabies.cs
		WebDriverFirst\TwoWayReservationToDepartureCityPage.cs = WebDriverFirst\TwoWayReservationToDepartureCityPage.cs
	EndProjectSection
EndProject
Global
	GlobalSection(SolutionConfigurationPlatforms) = preSolution
		Debug|Any CPU = Debug|Any CPU
		Release|Any CPU = Release|Any CPU
	EndGlobalSection
	GlobalSection(ProjectConfigurationPlatforms) = postSolution
		{D2516EBA-3C8C-4233-A291-9270F8629DA6}.Debug|Any CPU.ActiveCfg = Debug|Any CPU
		{D2516EBA-3C8C-4233-A291-9270F8629DA6}.Debug|Any CPU.Build.0 = Debug|Any CPU
		{D2516EBA-3C8C-4233-A291-9270F8629DA6}.Release|Any CPU.ActiveCfg = Release|Any CPU
		{D2516EBA-3C8C-4233-A291-9270F8629DA6}.Release|Any CPU.Build.0 = Release|Any CPU
	EndGlobalSection
	GlobalSection(SolutionProperties) = preSolution
		HideSolutionNode = FALSE
	EndGlobalSection
	GlobalSection(ExtensibilityGlobals) = postSolution
		SolutionGuid = {64AD0638-EECE-46A6-9B9A-D69B789FDE52}
	EndGlobalSection
EndGlobal
